
Microsoft Visual Studio Solution File, Format Version 12.00
# Visual Studio 15
VisualStudioVersion = 15.0.27428.2027
MinimumVisualStudioVersion = 10.0.40219.1
Project("{9A19103F-16F7-4668-BE54-9A1E7A4F7556}") = "NextGenManager", "Server\NextGenManager.csproj", "{6160272F-6DAA-4FB8-A00D-98D8C4C3F9B9}"
	ProjectSection(ProjectDependencies) = postProject
		{B1CEFBE4-334E-4DDF-84F8-9B47E1D765BA} = {B1CEFBE4-334E-4DDF-84F8-9B47E1D765BA}
	EndProjectSection
EndProject
Project("{E53339B2-1760-4266-BCC7-CA923CBCF16C}") = "docker-compose", "docker-compose.dcproj", "{B361F310-BA1C-4947-BA63-12918A66C97C}"
EndProject
Project("{9092AA53-FB77-4645-B42D-1CCCA6BD08BD}") = "AngularClient", "Client\AngularClient.njsproj", "{B1CEFBE4-334E-4DDF-84F8-9B47E1D765BA}"
EndProject
Global
	GlobalSection(SolutionConfigurationPlatforms) = preSolution
		Debug|Any CPU = Debug|Any CPU
		Release|Any CPU = Release|Any CPU
	EndGlobalSection
	GlobalSection(ProjectConfigurationPlatforms) = postSolution
		{6160272F-6DAA-4FB8-A00D-98D8C4C3F9B9}.Debug|Any CPU.ActiveCfg = Debug|Any CPU
		{6160272F-6DAA-4FB8-A00D-98D8C4C3F9B9}.Debug|Any CPU.Build.0 = Debug|Any CPU
		{6160272F-6DAA-4FB8-A00D-98D8C4C3F9B9}.Release|Any CPU.ActiveCfg = Release|Any CPU
		{6160272F-6DAA-4FB8-A00D-98D8C4C3F9B9}.Release|Any CPU.Build.0 = Release|Any CPU
		{B361F310-BA1C-4947-BA63-12918A66C97C}.Debug|Any CPU.ActiveCfg = Debug|Any CPU
		{B361F310-BA1C-4947-BA63-12918A66C97C}.Release|Any CPU.ActiveCfg = Release|Any CPU
		{B361F310-BA1C-4947-BA63-12918A66C97C}.Release|Any CPU.Build.0 = Release|Any CPU
		{B1CEFBE4-334E-4DDF-84F8-9B47E1D765BA}.Debug|Any CPU.ActiveCfg = Debug|Any CPU
		{B1CEFBE4-334E-4DDF-84F8-9B47E1D765BA}.Release|Any CPU.ActiveCfg = Release|Any CPU
		{B1CEFBE4-334E-4DDF-84F8-9B47E1D765BA}.Release|Any CPU.Build.0 = Release|Any CPU
	EndGlobalSection
	GlobalSection(SolutionProperties) = preSolution
		HideSolutionNode = FALSE
	EndGlobalSection
	GlobalSection(ExtensibilityGlobals) = postSolution
		SolutionGuid = {3A7412D8-5EBB-44DC-95F3-0257A3B85816}
	EndGlobalSection
EndGlobal
